
Microsoft Visual Studio Solution File, Format Version 12.00
# Visual Studio Version 16
VisualStudioVersion = 16.0.30717.126
MinimumVisualStudioVersion = 10.0.40219.1
Project("{FAE04EC0-301F-11D3-BF4B-00C04F79EFBC}") = "CustomListProject", "CustomListProject\CustomListProject.csproj", "{7C34F493-224C-4D61-BEE3-BC3BDFEF6763}"
EndProject
Project("{FAE04EC0-301F-11D3-BF4B-00C04F79EFBC}") = "AddTestMethods", "AddTestMethods\AddTestMethods.csproj", "{1800AAA4-DA3E-43F4-9408-6085271413B0}"
EndProject
Project("{FAE04EC0-301F-11D3-BF4B-00C04F79EFBC}") = "RemoveTestMethods", "RemoveTestMethods\RemoveTestMethods.csproj", "{C270631D-06F5-470C-9019-F6B4B042E5E5}"
EndProject
Project("{FAE04EC0-301F-11D3-BF4B-00C04F79EFBC}") = "ToStringTests", "ToStringTests\ToStringTests.csproj", "{AA1FF874-EEF5-4AF8-ABAD-A06383D3746B}"
EndProject
Project("{FAE04EC0-301F-11D3-BF4B-00C04F79EFBC}") = "Overloading+OperatorTests", "Overloading+OperatorTests\Overloading+OperatorTests.csproj", "{88256A3F-FDE6-4DF7-BD1F-B3BD968D3A4A}"
EndProject
Project("{FAE04EC0-301F-11D3-BF4B-00C04F79EFBC}") = "-OperatorTests", "-OperatorTests\-OperatorTests.csproj", "{2D829E6B-C2EB-4361-8D97-CE67A5AC479B}"
EndProject
Global
	GlobalSection(SolutionConfigurationPlatforms) = preSolution
		Debug|Any CPU = Debug|Any CPU
		Release|Any CPU = Release|Any CPU
	EndGlobalSection
	GlobalSection(ProjectConfigurationPlatforms) = postSolution
		{7C34F493-224C-4D61-BEE3-BC3BDFEF6763}.Debug|Any CPU.ActiveCfg = Debug|Any CPU
		{7C34F493-224C-4D61-BEE3-BC3BDFEF6763}.Debug|Any CPU.Build.0 = Debug|Any CPU
		{7C34F493-224C-4D61-BEE3-BC3BDFEF6763}.Release|Any CPU.ActiveCfg = Release|Any CPU
		{7C34F493-224C-4D61-BEE3-BC3BDFEF6763}.Release|Any CPU.Build.0 = Release|Any CPU
		{1800AAA4-DA3E-43F4-9408-6085271413B0}.Debug|Any CPU.ActiveCfg = Debug|Any CPU
		{1800AAA4-DA3E-43F4-9408-6085271413B0}.Debug|Any CPU.Build.0 = Debug|Any CPU
		{1800AAA4-DA3E-43F4-9408-6085271413B0}.Release|Any CPU.ActiveCfg = Release|Any CPU
		{1800AAA4-DA3E-43F4-9408-6085271413B0}.Release|Any CPU.Build.0 = Release|Any CPU
		{C270631D-06F5-470C-9019-F6B4B042E5E5}.Debug|Any CPU.ActiveCfg = Debug|Any CPU
		{C270631D-06F5-470C-9019-F6B4B042E5E5}.Debug|Any CPU.Build.0 = Debug|Any CPU
		{C270631D-06F5-470C-9019-F6B4B042E5E5}.Release|Any CPU.ActiveCfg = Release|Any CPU
		{C270631D-06F5-470C-9019-F6B4B042E5E5}.Release|Any CPU.Build.0 = Release|Any CPU
		{AA1FF874-EEF5-4AF8-ABAD-A06383D3746B}.Debug|Any CPU.ActiveCfg = Debug|Any CPU
		{AA1FF874-EEF5-4AF8-ABAD-A06383D3746B}.Debug|Any CPU.Build.0 = Debug|Any CPU
		{AA1FF874-EEF5-4AF8-ABAD-A06383D3746B}.Release|Any CPU.ActiveCfg = Release|Any CPU
		{AA1FF874-EEF5-4AF8-ABAD-A06383D3746B}.Release|Any CPU.Build.0 = Release|Any CPU
		{88256A3F-FDE6-4DF7-BD1F-B3BD968D3A4A}.Debug|Any CPU.ActiveCfg = Debug|Any CPU
		{88256A3F-FDE6-4DF7-BD1F-B3BD968D3A4A}.Debug|Any CPU.Build.0 = Debug|Any CPU
		{88256A3F-FDE6-4DF7-BD1F-B3BD968D3A4A}.Release|Any CPU.ActiveCfg = Release|Any CPU
		{88256A3F-FDE6-4DF7-BD1F-B3BD968D3A4A}.Release|Any CPU.Build.0 = Release|Any CPU
		{2D829E6B-C2EB-4361-8D97-CE67A5AC479B}.Debug|Any CPU.ActiveCfg = Debug|Any CPU
		{2D829E6B-C2EB-4361-8D97-CE67A5AC479B}.Debug|Any CPU.Build.0 = Debug|Any CPU
		{2D829E6B-C2EB-4361-8D97-CE67A5AC479B}.Release|Any CPU.ActiveCfg = Release|Any CPU
		{2D829E6B-C2EB-4361-8D97-CE67A5AC479B}.Release|Any CPU.Build.0 = Release|Any CPU
	EndGlobalSection
	GlobalSection(SolutionProperties) = preSolution
		HideSolutionNode = FALSE
	EndGlobalSection
	GlobalSection(ExtensibilityGlobals) = postSolution
		SolutionGuid = {BEEED18B-AABE-4BCE-9E7D-93ED29AEC7EE}
	EndGlobalSection
EndGlobal
